
Microsoft Visual Studio Solution File, Format Version 12.00
# Visual Studio Version 17
VisualStudioVersion = 17.9.34723.18
MinimumVisualStudioVersion = 10.0.40219.1
Project("{FAE04EC0-301F-11D3-BF4B-00C04F79EFBC}") = "CoworkingLourd", "CoworkingLourd\CoworkingLourd.csproj", "{3F7FBC76-C531-44C5-995B-E05E136531B5}"
EndProject
Global
	GlobalSection(SolutionConfigurationPlatforms) = preSolution
		Debug|Any CPU = Debug|Any CPU
		Release|Any CPU = Release|Any CPU
	EndGlobalSection
	GlobalSection(ProjectConfigurationPlatforms) = postSolution
		{3F7FBC76-C531-44C5-995B-E05E136531B5}.Debug|Any CPU.ActiveCfg = Debug|Any CPU
		{3F7FBC76-C531-44C5-995B-E05E136531B5}.Debug|Any CPU.Build.0 = Debug|Any CPU
		{3F7FBC76-C531-44C5-995B-E05E136531B5}.Release|Any CPU.ActiveCfg = Release|Any CPU
		{3F7FBC76-C531-44C5-995B-E05E136531B5}.Release|Any CPU.Build.0 = Release|Any CPU
	EndGlobalSection
	GlobalSection(SolutionProperties) = preSolution
		HideSolutionNode = FALSE
	EndGlobalSection
	GlobalSection(ExtensibilityGlobals) = postSolution
		SolutionGuid = {48D8046B-2410-45C1-9718-A974A8E66950}
	EndGlobalSection
EndGlobal
